
Microsoft Visual Studio Solution File, Format Version 12.00
# Visual Studio Version 16
VisualStudioVersion = 16.0.29609.76
MinimumVisualStudioVersion = 10.0.40219.1
Project("{FAE04EC0-301F-11D3-BF4B-00C04F79EFBC}") = "17_work", "17_work\17_work.csproj", "{DE444B35-0D65-4CA1-94C5-AF08C6A0C21B}"
EndProject
Global
	GlobalSection(SolutionConfigurationPlatforms) = preSolution
		Debug|Any CPU = Debug|Any CPU
		Release|Any CPU = Release|Any CPU
	EndGlobalSection
	GlobalSection(ProjectConfigurationPlatforms) = postSolution
		{DE444B35-0D65-4CA1-94C5-AF08C6A0C21B}.Debug|Any CPU.ActiveCfg = Debug|Any CPU
		{DE444B35-0D65-4CA1-94C5-AF08C6A0C21B}.Debug|Any CPU.Build.0 = Debug|Any CPU
		{DE444B35-0D65-4CA1-94C5-AF08C6A0C21B}.Release|Any CPU.ActiveCfg = Release|Any CPU
		{DE444B35-0D65-4CA1-94C5-AF08C6A0C21B}.Release|Any CPU.Build.0 = Release|Any CPU
	EndGlobalSection
	GlobalSection(SolutionProperties) = preSolution
		HideSolutionNode = FALSE
	EndGlobalSection
	GlobalSection(ExtensibilityGlobals) = postSolution
		SolutionGuid = {D78C659B-C7C2-40B5-886E-8347935C98C1}
	EndGlobalSection
EndGlobal
